
Microsoft Visual Studio Solution File, Format Version 12.00
# Visual Studio Version 16
VisualStudioVersion = 16.0.31019.35
MinimumVisualStudioVersion = 10.0.40219.1
Project("{FAE04EC0-301F-11D3-BF4B-00C04F79EFBC}") = "KOProject", "KOProject\KOProject.csproj", "{9DAE05D0-6F04-4F86-B270-094EC7C41561}"
EndProject
Global
	GlobalSection(SolutionConfigurationPlatforms) = preSolution
		Debug|Any CPU = Debug|Any CPU
		Release|Any CPU = Release|Any CPU
	EndGlobalSection
	GlobalSection(ProjectConfigurationPlatforms) = postSolution
		{9DAE05D0-6F04-4F86-B270-094EC7C41561}.Debug|Any CPU.ActiveCfg = Debug|Any CPU
		{9DAE05D0-6F04-4F86-B270-094EC7C41561}.Debug|Any CPU.Build.0 = Debug|Any CPU
		{9DAE05D0-6F04-4F86-B270-094EC7C41561}.Release|Any CPU.ActiveCfg = Release|Any CPU
		{9DAE05D0-6F04-4F86-B270-094EC7C41561}.Release|Any CPU.Build.0 = Release|Any CPU
	EndGlobalSection
	GlobalSection(SolutionProperties) = preSolution
		HideSolutionNode = FALSE
	EndGlobalSection
	GlobalSection(ExtensibilityGlobals) = postSolution
		SolutionGuid = {3DD10B42-BF63-46A5-A868-6E655893F56E}
	EndGlobalSection
EndGlobal
